// !$*UTF8*$!
{
	archiveVersion = 1;
	classes = {
	};
	objectVersion = 46;
	objects = {

/* Begin PBXBuildFile section */
		2505F8AA1BE2E5E800FA5753 /* AppDelegate.swift in Sources */ = {isa = PBXBuildFile; fileRef = 2505F8A91BE2E5E800FA5753 /* AppDelegate.swift */; };
		2505F8AC1BE2E5E800FA5753 /* ViewController.swift in Sources */ = {isa = PBXBuildFile; fileRef = 2505F8AB1BE2E5E800FA5753 /* ViewController.swift */; };
		2505F8AF1BE2E5E800FA5753 /* Main.storyboard in Resources */ = {isa = PBXBuildFile; fileRef = 2505F8AD1BE2E5E800FA5753 /* Main.storyboard */; };
		2505F8B11BE2E5E800FA5753 /* Assets.xcassets in Resources */ = {isa = PBXBuildFile; fileRef = 2505F8B01BE2E5E800FA5753 /* Assets.xcassets */; };
		2505F8B41BE2E5E800FA5753 /* LaunchScreen.storyboard in Resources */ = {isa = PBXBuildFile; fileRef = 2505F8B21BE2E5E800FA5753 /* LaunchScreen.storyboard */; };
/* End PBXBuildFile section */

/* Begin PBXFileReference section */
		2505F8A61BE2E5E800FA5753 /* DownloadingWebContent.app */ = {isa = PBXFileReference; explicitFileType = wrapper.application; includeInIndex = 0; path = DownloadingWebContent.app; sourceTree = BUILT_PRODUCTS_DIR; };
		2505F8A91BE2E5E800FA5753 /* AppDelegate.swift */ = {isa = PBXFileReference; lastKnownFileType = sourcecode.swift; path = AppDelegate.swift; sourceTree = "<group>"; };
		2505F8AB1BE2E5E800FA5753 /* ViewController.swift */ = {isa = PBXFileReference; lastKnownFileType = sourcecode.swift; path = ViewController.swift; sourceTree = "<group>"; };
		2505F8AE1BE2E5E800FA5753 /* Base */ = {isa = PBXFileReference; lastKnownFileType = file.storyboard; name = Base; path = Base.lproj/Main.storyboard; sourceTree = "<group>"; };
		2505F8B01BE2E5E800FA5753 /* Assets.xcassets */ = {isa = PBXFileReference; lastKnownFileType = folder.assetcatalog; path = Assets.xcassets; sourceTree = "<group>"; };
		2505F8B31BE2E5E800FA5753 /* Base */ = {isa = PBXFileReference; lastKnownFileType = file.storyboard; name = Base; path = Base.lproj/LaunchScreen.storyboard; sourceTree = "<group>"; };
		2505F8B51BE2E5E800FA5753 /* Info.plist */ = {isa = PBXFileReference; lastKnownFileType = text.plist.xml; path = Info.plist; sourceTree = "<group>"; };
/* End PBXFileReference section */

/* Begin PBXFrameworksBuildPhase section */
		2505F8A31BE2E5E800FA5753 /* Frameworks */ = {
			isa = PBXFrameworksBuildPhase;
			buildActionMask = 2147483647;
			files = (
			);
			runOnlyForDeploymentPostprocessing = 0;
		};
/* End PBXFrameworksBuildPhase section */

/* Begin PBXGroup section */
		2505F89D1BE2E5E800FA5753 = {
			isa = PBXGroup;
			children = (
				2505F8A81BE2E5E800FA5753 /* DownloadingWebContent */,
				2505F8A71BE2E5E800FA5753 /* Products */,
			);
			sourceTree = "<group>";
		};
		2505F8A71BE2E5E800FA5753 /* Products */ = {
			isa = PBXGroup;
			children = (
				2505F8A61BE2E5E800FA5753 /* DownloadingWebContent.app */,
			);
			name = Products;
			sourceTree = "<group>";
		};
		2505F8A81BE2E5E800FA5753 /* DownloadingWebContent */ = {
			isa = PBXGroup;
			children = (
				2505F8A91BE2E5E800FA5753 /* AppDelegate.swift */,
				2505F8AB1BE2E5E800FA5753 /* ViewController.swift */,
				2505F8AD1BE2E5E800FA5753 /* Main.storyboard */,
				2505F8B01BE2E5E800FA5753 /* Assets.xcassets */,
				2505F8B21BE2E5E800FA5753 /* LaunchScreen.storyboard */,
				2505F8B51BE2E5E800FA5753 /* Info.plist */,
			);
			path = DownloadingWebContent;
			sourceTree = "<group>";
		};
/* End PBXGroup section */

/* Begin PBXNativeTarget section */
		2505F8A51BE2E5E800FA5753 /* DownloadingWebContent */ = {
			isa = PBXNativeTarget;
			buildConfigurationList = 2505F8B81BE2E5E800FA5753 /* Build configuration list for PBXNativeTarget "DownloadingWebContent" */;
			buildPhases = (
				2505F8A21BE2E5E800FA5753 /* Sources */,
				2505F8A31BE2E5E800FA5753 /* Frameworks */,
				2505F8A41BE2E5E800FA5753 /* Resources */,
			);
			buildRules = (
			);
			dependencies = (
			);
			name = DownloadingWebContent;
			productName = DownloadingWebContent;
			productReference = 2505F8A61BE2E5E800FA5753 /* DownloadingWebContent.app */;
			productType = "com.apple.product-type.application";
		};
/* End PBXNativeTarget section */

/* Begin PBXProject section */
		2505F89E1BE2E5E800FA5753 /* Project object */ = {
			isa = PBXProject;
			attributes = {
				LastSwiftUpdateCheck = 0710;
				LastUpgradeCheck = 0710;
				ORGANIZATIONNAME = "Luiz Carlos Gonçalves dos Anjos";
				TargetAttributes = {
					2505F8A51BE2E5E800FA5753 = {
						CreatedOnToolsVersion = 7.1;
					};
				};
			};
			buildConfigurationList = 2505F8A11BE2E5E800FA5753 /* Build configuration list for PBXProject "DownloadingWebContent" */;
			compatibilityVersion = "Xcode 3.2";
			developmentRegion = English;
			hasScannedForEncodings = 0;
			knownRegions = (
				en,
				Base,
			);
			mainGroup = 2505F89D1BE2E5E800FA5753;
			productRefGroup = 2505F8A71BE2E5E800FA5753 /* Products */;
			projectDirPath = "";
			projectRoot = "";
			targets = (
				2505F8A51BE2E5E800FA5753 /* DownloadingWebContent */,
			);
		};
/* End PBXProject section */

/* Begin PBXResourcesBuildPhase section */
		2505F8A41BE2E5E800FA5753 /* Resources */ = {
			isa = PBXResourcesBuildPhase;
			buildActionMask = 2147483647;
			files = (
				2505F8B41BE2E5E800FA5753 /* LaunchScreen.storyboard in Resources */,
				2505F8B11BE2E5E800FA5753 /* Assets.xcassets in Resources */,
				2505F8AF1BE2E5E800FA5753 /* Main.storyboard in Resources */,
			);
			runOnlyForDeploymentPostprocessing = 0;
		};
/* End PBXResourcesBuildPhase section */

/* Begin PBXSourcesBuildPhase section */
		2505F8A21BE2E5E800FA5753 /* Sources */ = {
			isa = PBXSourcesBuildPhase;
			buildActionMask = 2147483647;
			files = (
				2505F8AC1BE2E5E800FA5753 /* ViewController.swift in Sources */,
				2505F8AA1BE2E5E800FA5753 /* AppDelegate.swift in Sources */,
			);
			runOnlyForDeploymentPostprocessing = 0;
		};
/* End PBXSourcesBuildPhase section */

/* Begin PBXVariantGroup section */
		2505F8AD1BE2E5E800FA5753 /* Main.storyboard */ = {
			isa = PBXVariantGroup;
			children = (
				2505F8AE1BE2E5E800FA5753 /* Base */,
			);
			name = Main.storyboard;
			sourceTree = "<group>";
		};
		2505F8B21BE2E5E800FA5753 /* LaunchScreen.storyboard */ = {
			isa = PBXVariantGroup;
			children = (
				2505F8B31BE2E5E800FA5753 /* Base */,
			);
			name = LaunchScreen.storyboard;
			sourceTree = "<group>";
		};
/* End PBXVariantGroup section */

/* Begin XCBuildConfiguration section */
		2505F8B61BE2E5E800FA5753 /* Debug */ = {
			isa = XCBuildConfiguration;
			buildSettings = {
				ALWAYS_SEARCH_USER_PATHS = NO;
				CLANG_CXX_LANGUAGE_STANDARD = "gnu++0x";
				CLANG_CXX_LIBRARY = "libc++";
				CLANG_ENABLE_MODULES = YES;
				CLANG_ENABLE_OBJC_ARC = YES;
				CLANG_WARN_BOOL_CONVERSION = YES;
				CLANG_WARN_CONSTANT_CONVERSION = YES;
				CLANG_WARN_DIRECT_OBJC_ISA_USAGE = YES_ERROR;
				CLANG_WARN_EMPTY_BODY = YES;
				CLANG_WARN_ENUM_CONVERSION = YES;
				CLANG_WARN_INT_CONVERSION = YES;
				CLANG_WARN_OBJC_ROOT_CLASS = YES_ERROR;
				CLANG_WARN_UNREACHABLE_CODE = YES;
				CLANG_WARN__DUPLICATE_METHOD_MATCH = YES;
				"CODE_SIGN_IDENTITY[sdk=iphoneos*]" = "iPhone Developer";
				COPY_PHASE_STRIP = NO;
				DEBUG_INFORMATION_FORMAT = dwarf;
				ENABLE_STRICT_OBJC_MSGSEND = YES;
				ENABLE_TESTABILITY = YES;
				GCC_C_LANGUAGE_STANDARD = gnu99;
				GCC_DYNAMIC_NO_PIC = NO;
				GCC_NO_COMMON_BLOCKS = YES;
				GCC_OPTIMIZATION_LEVEL = 0;
				GCC_PREPROCESSOR_DEFINITIONS = (
					"DEBUG=1",
					"$(inherited)",
				);
				GCC_WARN_64_TO_32_BIT_CONVERSION = YES;
				GCC_WARN_ABOUT_RETURN_TYPE = YES_ERROR;
				GCC_WARN_UNDECLARED_SELECTOR = YES;
				GCC_WARN_UNINITIALIZED_AUTOS = YES_AGGRESSIVE;
				GCC_WARN_UNUSED_FUNCTION = YES;
				GCC_WARN_UNUSED_VARIABLE = YES;
				IPHONEOS_DEPLOYMENT_TARGET = 9.1;
				MTL_ENABLE_DEBUG_INFO = YES;
				ONLY_ACTIVE_ARCH = YES;
				SDKROOT = iphoneos;
				SWIFT_OPTIMIZATION_LEVEL = "-Onone";
			};
			name = Debug;
		};
		2505F8B71BE2E5E800FA5753 /* Release */ = {
			isa = XCBuildConfiguration;
			buildSettings = {
				ALWAYS_SEARCH_USER_PATHS = NO;
				CLANG_CXX_LANGUAGE_STANDARD = "gnu++0x";
				CLANG_CXX_LIBRARY = "libc++";
				CLANG_ENABLE_MODULES = YES;
				CLANG_ENABLE_OBJC_ARC = YES;
				CLANG_WARN_BOOL_CONVERSION = YES;
				CLANG_WARN_CONSTANT_CONVERSION = YES;
				CLANG_WARN_DIRECT_OBJC_ISA_USAGE = YES_ERROR;
				CLANG_WARN_EMPTY_BODY = YES;
				CLANG_WARN_ENUM_CONVERSION = YES;
				CLANG_WARN_INT_CONVERSION = YES;
				CLANG_WARN_OBJC_ROOT_CLASS = YES_ERROR;
				CLANG_WARN_UNREACHABLE_CODE = YES;
				CLANG_WARN__DUPLICATE_METHOD_MATCH = YES;
				"CODE_SIGN_IDENTITY[sdk=iphoneos*]" = "iPhone Developer";
				COPY_PHASE_STRIP = NO;
				DEBUG_INFORMATION_FORMAT = "dwarf-with-dsym";
				ENABLE_NS_ASSERTIONS = NO;
				ENABLE_STRICT_OBJC_MSGSEND = YES;
				GCC_C_LANGUAGE_STANDARD = gnu99;
				GCC_NO_COMMON_BLOCKS = YES;
				GCC_WARN_64_TO_32_BIT_CONVERSION = YES;
				GCC_WARN_ABOUT_RETURN_TYPE = YES_ERROR;
				GCC_WARN_UNDECLARED_SELECTOR = YES;
				GCC_WARN_UNINITIALIZED_AUTOS = YES_AGGRESSIVE;
				GCC_WARN_UNUSED_FUNCTION = YES;
				GCC_WARN_UNUSED_VARIABLE = YES;
				IPHONEOS_DEPLOYMENT_TARGET = 9.1;
				MTL_ENABLE_DEBUG_INFO = NO;
				SDKROOT = iphoneos;
				VALIDATE_PRODUCT = YES;
			};
			name = Release;
		};
		2505F8B91BE2E5E800FA5753 /* Debug */ = {
			isa = XCBuildConfiguration;
			buildSettings = {
				ASSETCATALOG_COMPILER_APPICON_NAME = AppIcon;
				INFOPLIST_FILE = DownloadingWebContent/Info.plist;
				LD_RUNPATH_SEARCH_PATHS = "$(inherited) @executable_path/Frameworks";
				PRODUCT_BUNDLE_IDENTIFIER = br.com.luizgadao.DownloadingWebContent;
				PRODUCT_NAME = "$(TARGET_NAME)";
			};
			name = Debug;
		};
		2505F8BA1BE2E5E800FA5753 /* Release */ = {
			isa = XCBuildConfiguration;
			buildSettings = {
				ASSETCATALOG_COMPILER_APPICON_NAME = AppIcon;
				INFOPLIST_FILE = DownloadingWebContent/Info.plist;
				LD_RUNPATH_SEARCH_PATHS = "$(inherited) @executable_path/Frameworks";
				PRODUCT_BUNDLE_IDENTIFIER = br.com.luizgadao.DownloadingWebContent;
				PRODUCT_NAME = "$(TARGET_NAME)";
			};
			name = Release;
		};
/* End XCBuildConfiguration section */

/* Begin XCConfigurationList section */
		2505F8A11BE2E5E800FA5753 /* Build configuration list for PBXProject "DownloadingWebContent" */ = {
			isa = XCConfigurationList;
			buildConfigurations = (
				2505F8B61BE2E5E800FA5753 /* Debug */,
				2505F8B71BE2E5E800FA5753 /* Release */,
			);
			defaultConfigurationIsVisible = 0;
			defaultConfigurationName = Release;
		};
		2505F8B81BE2E5E800FA5753 /* Build configuration list for PBXNativeTarget "DownloadingWebContent" */ = {
			isa = XCConfigurationList;
			buildConfigurations = (
				2505F8B91BE2E5E800FA5753 /* Debug */,
				2505F8BA1BE2E5E800FA5753 /* Release */,
			);
			defaultConfigurationIsVisible = 0;
		};
/* End XCConfigurationList section */
	};
	rootObject = 2505F89E1BE2E5E800FA5753 /* Project object */;
}
